{
  "name": "jean-performance",
  "version": "0.0.0",
  "lockfileVersion": 1,
  "requires": true,
  "dependencies": {
    "jean-amd": {
      "version": "1.0.1",
      "resolved": "https://registry.npmjs.org/jean-amd/-/jean-amd-1.0.1.tgz",
      "integrity": "sha1-gWfKjpd+SBBFWve7Pq9R+dJgmzw="
    }
  }
}
